---
ID: "d4ddb4c0-db47-4b5f-8ef7-a7830184aab6"
Parent: "16445a4a-c432-42e8-a211-f93036589121"
Template: "f1828a2c-7e5d-4bbd-98ca-320474871548"
Path: /sitecore/media library/System/HMPPS/Rendering Thumbnails/Blocks/related links block
DB: master
SharedFields:
- ID: "06d5295c-ed2f-4a54-9bf2-26228d113318"
  Hint: __Icon
  Value: "-/media/D4DDB4C0DB474B5F8EF7A7830184AAB6.ashx?h=16&thn=1&w=16"
- ID: "22eac599-f13b-4607-a89d-c091763a467d"
  Hint: Width
  Value: 375
- ID: "40e50ed9-ba07-4702-992e-a912738d32dc"
  Hint: Blob
  BlobID: "ba0d46e2-7c5e-4471-a089-08b9d8a3e9c7"
  Value: iVBORw0KGgoAAAANSUhEUgAAAXcAAADFCAIAAAAg1yVjAAAAAXNSR0IArs4c6QAAAARnQU1BAACxjwv8YQUAAAAJcEhZcwAADsMAAA7DAcdvqGQAABMoSURBVHhe7Z3Na1RZ3oDdj39FahnoRTf0QlfJMoKLSC8UbIjQIKEXRmbxai+6i3ZhgosO8iKujEgGSsg06UWTCANxkbxRaIitDXGYxsgIKdCBWvhSCxfO+brn436kylT9klx9Hn5I7qlzz8dN/Z577q2K99h7AABJsAwAyIJlAEAWLAMAsmAZAJAFywCALFgGAGTZv2WOfb1IEMRhhcvDOoBlCKKW4fKwDmAZgqhluDysA1iGIGoZLg/rAJYhiFqGy8M6gGUIopbh8rAOYBmCqGW4PKwDWIYgahkuD+sAliGIWobLwzqAZQiiluHysA7s3zIAAP2AZQBAFiwDALJgGQCQBcsAgCxYBgBkwTIAIAuWAQBZsAwAyIJlAEAWLAMAsmAZAJAFywCALFgGAGTBMgAgC5YBAFmwDADIgmUAQBYsAwCyDGKZduv88b8cL4vGFxMX55b/6LiKcjyeyzqd23RFB8Wr1lnX9bnWK1d2wHRfbi3fuzr17XLbFfSg82R5/tK5iS8bZtiNzyemr9xbeZH7LR2BecFHhoxlXIxO/33H1RXiU7aMn/v5Vm/LvN1euDiaHas0Gqeu/BL9mrAMDBtRy6g4s/Cnqy0CllHR0zJvH82O2aFWRWPqfiYaLAPDZkiWuf7IlSnedV+sNsfdO/X4xB3J5QyWUdHDMt217+wlkorGxP+0tt50dbH6NT2cm2zYchXZLLAMDBsBy2h21Fu14qX3nT+WZy+e+ty+vz8bn/7u7lpFlrQf3p45Pz5q2hn58szMT8vbuZsIZZbpPp7zjhu//sjv0X7cmr3oWlP9nr0033pcmZ6d5ysL301PjLmrjJEvT01fb23G1eNsfL69fH16/DO9OTp2bubWWvudqxXTe+Ll4gjHefax3t687jYLUeaFP+9OZhXU0TCCiXjpZ3F8xP6mqud15X7+8Gs6Oyu3Lp+1B6r6flzvg2/amdz7nhHUE3HLnLi55co0nc0bp0bsLkkU7uC822mV3kdonJp9HGVK0TKvlqey8/PIN60XtvB9d/P6eFYzidHzd7fzRmi3pvzJP43GmYXnrlKUjY2RsCJwMTIxt/nWVTT0N3EBy2zdPOlebTTX8o7RbN08M3np9vKTtntxz3nlPNV9fnfaOCiNxuTNrahaHwf/pTrk+Vd1NE5dWc2ZGOqH9BVTcl/mxZ0zrn5JjEf6iBf5hWhcaL109QqW2Wl9k+04FvK8+7BZluEqovsREZ1fpgs1s5i868wVsrE8Rr4JH/30O/HhWyZaVP6YX1SW02NeJ+efuIrv365dKVWDjsbMr24d0sfB31mYzL2URfRLhPoievd3fObXKIffLE9nL43/tbX1Rpd1X63NfpV54cS8W/Y8mT/hajYmb6zZk2znSWvG38K8uOzewollonNmbCJ1ur6RdXF6ftPu+XZn8/7c1Ld+sZNj6/bU1YWH2237Fn/XWQtn48srtoUoG0e+mlt7ZUbZba9872tmCdn/xPuzjKO8co5Hs7bO8eNn7/e3KIgtM9ZcMfPq/HHXrzX84nTrp2yVNHa59cQclG577cYZ55RsUr0Pfnt5ylY4fnzaDbKrrlhvf3shWbdCbZG0zNj07Yfhnd2+f86V+6SyhLe1S8vN69n70tvE0H08l9knS/VgmWbr/oXsnBkvizThjd44M/vL1ot9nB7DIIt3SU+ln6OFM/PIDT3R/id+xCzTaD4Mh3HzR9dOtm59NOu8E61uNDsLp215Y/Y3vd374EeWGf/r3bXnHdTykSG6ltHhr+TDOr/6Jo7JhNBsITEeNW0LPt+CZaK45BQUeDLv7wfbGB2bvnLPrZIqUKfTR8v35ud/vHz2dHbLVkfRMvmPt17cOeUqm/zve+JHzTLJ9VdwpZ1FqFYZrsfeB7+zcikzkY3GF5OX5pft+gjqj8zd325n645fWZy0K4u1713lwts9p5WwFkiSShNyZi/LHD/Z3Mj748Wvl3PvdR2fTbf+LDPNm7XmRPq+D9HbMiEhTf73PXEJywxyX2ZPy0QfXVWFn2/vg/92a95fP4ZoTPy4hmk+AmQsownvb3vhIL+WiT4TGUuvTSxvtlfuXZ3OPpzOat7edi97qm9G6jj4tUyo9uGW6f8zpp2u/bhn6GsZS++D320/bs1fOhMtG1U0ZlbxTO0RtEx2fe5e7eP2hLuS7+O+zAX3+U2wTGPqbzvdaHE+mX4bsNuOVujd9ubNbDBpLmn+vDvhXmpM3Vrbbnc6nW5J7oWSwe/LuIlH02kGc71dmXGF+7FM/9+XOfGTGV1xpoa8ZSrvy5TQx8HvtM1NcUvn+fKVE7ZC6VsLaoaMZd7uhM8a/DlN/DMmRXfzuj91X1j2SWK+Yj96fq712J2xO79ezYZXsExo82TzH7af7ou/+QvAc+7Tq5CNw/uMKZr41B3zFbikwQrLNK66G1HdvEMMw/nub8Ey0WdMn52bf+gObLezs3nv6uT30bKpj4P/4v6Fkcap6Vsr23Zs3e3bfjmJZeqP+N3fvzQur2SnKfnvy6j3dPgSx4i7Ddxe9l+iKYb//ounszKTLNrzMTIxr79zFlmmNPbzfZmwQCiPxDK/zXmPuzhdmItlGH/HVLTMns36W2O9D373t/Bd7UIkn3NBTRG2TO6rugfw3d84H9x7vbN9b9p9tz0X6ddqPPrUWqi5cMedgcftF0ZCNg7vu7+q3url/FAbo6NZ+4lluluFJM/fIQoM/DfZJZZRvFwJC8wkGhPfrRjJ9nHw2ytV99pLLvGghghZZnT8dOXfoUj/HVNy+9Z/edTefZz4wqa6+bukQmsRZpC269Hxi/ObejnWVQnz+cSc+/J8nI3J3/tMz95/tM+/YzJ0/mhd+cqOU3e91t7xxzmxjOLNo3nfoP7bn6t+2VhK4f+XOTdzq9//X6bcMop37c37c/7Ajo6ZP/iy14+e3gff3vo9Z4+hnvj5y/GXraDWDGIZAIDeYBkAkAXLAIAsWAYAZMEyACALlgEAWbAMAMiCZQBAFiwDALJgGQCQBcsAgCxYBgBkwTIAIAuWAQBZsAwAyIJlAEAWLAMAsgximWfXvl6cfJD/D802FhaPLTxzG0Ni98HSseb6rtsalOG2lkO0cYA6gmWGDJYByIFlhgyWAcghbhmddV8v2rj21BXqOj4Vn65WvqTRvfgWjn29umGLX69P+sIyqdls3wi9ZzvmRdBebGbt+OmYxqOpmTEUe4nHkDVoG19Us0jLLdHRWFp87QoVetauPBwKe2RcDFvcAAeGrGVM8iRecCmk88eVq8SbbC5lu+g2Q5plpF7IicloopCENp/98OKRxK3tPlgN2a6bdckfzyIuDyRjMPVNm2m/ydiSWURtJuX6KJlx6h98p7qd4mEBqAWDWkafZoth8yrWiiFKJ28TlT9Li0/XJ215klqBJA+LWinby2R7WL/E/kpbi4kcpy1QYqWMcrUpcv1G+6rG40GGFryhEkrVBlBDJNcyxTwJqatzzOyrGlElxjWqpqpQlv9pnhf7jeyQUVCD77Hwkh5VUGTWjm8z7BhRPndFrvGwaZwbd6TDeUq3pjZzDZr1V5mAAGrFYVnGpJ+qpkqy87lKaVdYIE3dYr/eCIFctsdrh/gl/XOJWTRqSKYXVVhcU5TPXZHrN2wWj4bidTs/wkKzdoTpXADqhKRl9rpicsuWjQdLtgX90sJ62apBk6Zu8IVj/1dMuXVKYhk7wl37ryvyFMaQkQ413qwUU4KWUTxsSzowgFpxgHd/df5EqWLUMGkvlOxmc6n0powil7ppU3oYxYQ3lgnDi0eSs0xo2TSbSmfp2oLzYJ50On7W1ZaxQ/ITVI3b8SSmM3V0edJOwdcANULWMgqTNub+Qj5PTIaH87aRRdhMMWlmGskqhJK91hThE+W4Zb+v3tH26zZ9kluMm8rFp4nHoIxgLn8SO5RuZrtMPljf0Aekvfs6GkPWu2rN9O4CxUB9GcQyR5pceu+PoTQC8ImzT8v88PPv/jRLHFj8+z//734BAPWBtUwp9mpORcUVHAD0zUdrGQA4ImAZAJAFywCALFgGAGTBMgAgC5YBAFmwDADIgmUAQBYsAwCyYBkAkAXLAIAsWAYAZMEyACALlgEAWbAMAMiCZQBAFiwDALJgGQCQZXDLxP//fvJIg4P8r7nDswHKnmfw4ehJHeZjA/TTEaqfnRA47HEC9MFgljGPCkkfYBQeb3SAlkkeaTQMsAzA0BjEMvotns/tyDsHaJmhJxuWARgaA1hGP1xxr0ywlgnPXUuNE65xkkb8wwOS8r2ef2a8lr2qHzmQs1u0aZc86yozbf1EkVE7tk7WUTykaBc9/dVFP4v0AXK5QUbj9w9FqBxMPFkVpqmKMeQsYx536WI4V44AQ2D/lum5VLEeyVLC5En21k/2jWylE8ynhyo3dZLK2gXFp5ckyZYbWLRpczWTl9GK28v8nMtz+9Lug9UgwVisNqXdaJ1fXGtxtXRS5pjY8VcPRqE3QwuVY4gnnuyiGw+tARwq+7eMTp4omYtEGaWJsl3lRkihSECJiTw9O/owy4T29aY1S26XfM4Hoo50tofZpYPMJX+sRf2S6bRyMJrUMinxZHPjqdoF4DARXsuUZrvJYb0QiMPmW/ZSmuE6l1RhSMI8ceJV95vL5GgzXm4YkgbdsiWLKKtTy4QWcskf9rXhLVM6GE3RMqVjSMepx6Be3fOXAnDwiN+XKcn20h3No+wznFZCnmt0HqrCKDM9A1rGtFxhGb17aVb3Zxmze7yW0ey+dp32aZnKMaQTt9jKuAaODgNYxrzF8zlvFiO2MEpvTbRZtmOB3O6ONLczkmTL7Rhdy1Qmdr4vMwvTYG6XqKP+LBM1laN/y1SPIZ14RFU5wCEwiGUSpxj0m9una7VlzM8hi9ReNl2T3MjskOSY2bGHZZK1khlh1m91YqcTsZcepkFdJ8xCt5xV69MyrrWspuqo52AUBcuUjyHqKDnaZjrhgAAcKoNZRmNywFzgRO9+zR6WURhf+L3WN1RKqIsmKwUbWTbuvta5lFUuKkaRWiZuvLm+Efrtmdiul/ST7Kj3hWemZTOGvi2jsNqyce3Bsw2tjz0HEx1V007FGELLS//7vJ30EvUOcLgMbhkAgL3Yp2V++Pl3f9okjmz837/cRRfAIcJaBgBkwTIAIAuWAQBZsAwAyIJlAEAWLAMAsmAZAJAFywCALFgGAGTBMgAgC5YBAFmwDADIgmUAQBYsAwCyYBkAkAXLAIAsWAYAZMEyACALlgEAWQaxjP6P9eOHFljS/81/OOSefzAczEMLiuPfBx8+5fxDDgA+Yj51ywxlqFgGYA8+YcsMDywDsAfiljGPKHMP7vB5pet4a5iHJZa/pNG9+BaShzT6wmKGm1ezNs0T1Hyb4aUo1c0j3BbDUCufLZdVyHaMh6GiRIXxXr5Z0/WDsK+fviZqMzm85kC58FOOB3CERQyfMrKW0T+nXoiz2pYrDU02l7JdosyPyK9lEjEZieRFEz+qUbWpu7APhI2aivqyCRwPu5CxGwtBPUadYTOecoKZsj9E0V6669CC7j1+5G78bN9s96Rcz86MPDlcahjFXwfAoTOoZdxZNBc25WKtGMoyXCXM0uLT7OnRSS4FUssUtFK2V9hF5fDCM5WBdiSREaIUjfNcoTeDREpIe6yyjC4v2MoQ6UMTRpIzRRBTboSWwhEGOIJIrmWKiRGy1681VCOqxLhG1VQVytIytUyx35Clgawvta+urDb1qPwqQBHtFQZmyG1mmJz3Mu1pmYINA7kB+02zS+jChhuJ7kVtpscnG1LJaAGOCIdlGZMeqppLfr2XSjNXWECXf6hldKHqPfOXOu3rFmyhr/ABljFJnu3b11pmH5bRPxQOaXs3OoZOKzkX6wHjGjiiSFqmsJ5PZKESo7m+YRcaTjrr2QInT2qZQvamOZ+hq117qgZpc0/9sLT4INaHz+1+LBNVVvRlGVOe04EjbS3arN4lJre7Rc+39OgBHC4HePfXnG9ziepvyurN5lKZLDSpZXJN6WFUJXl0Xzm/meRqf5bx+9oFhZ9LPOUE41l/iKJZ5DQRbaa7qJZteXIETB1dnoxTN4Jl4AgiaxmFTUgbUV4pzJIkTZJCbmeYvDKNZBVCSUWGK4yMkiRPBhzldm/LJD2qRvQ0fdqbjnSULEPsvGysbrxu97CMIp5ac33xqZ7d7mvTY1ZuK6vC+PCiGDiaDGIZAIDe7NMyP/z8uz+FEkcqbv3jn+6XBHA0YC0DALJgGQCQBcsAgCxYBgBkwTIAIAuWAQBZsAwAyIJlAEAWLAMAsmAZAJAFywCALFgGAGTBMgAgC5YBAFmwDADIgmUAQBYsAwCyYBkAkAXLAIAsWAYAZMEyACALlgEAWbAMAMiCZQBAFiwDALJgGQCQBcsAgCxYBgBkwTIAIAuWAQBZsAwAyIJlAEAWLAMAsmAZAJAFywCALFgGAGTBMgAgC5YBAFmwDADIgmUAQBYsAwCyYBkAkAXLAIAsWAYAZMEyACALlgEAWbAMAMiCZQBAFiwDALJgGQCQ5P37/wImbu0L4bYCMgAAAABJRU5ErkJggg==
- ID: "6954b7c7-2487-423f-8600-436cb3b6dc0e"
  Hint: Size
  Value: 5011
- ID: "6f47a0a5-9c94-4b48-abeb-42d38def6054"
  Hint: Mime Type
  Value: image/png
- ID: "c06867fe-9a43-4c7d-b739-48780492d06f"
  Hint: Extension
  Value: png
- ID: "cb09946f-3218-4823-87d2-d5007c199a96"
  Hint: Dimensions
  Value: 375 x 197
- ID: "de2ca9e4-c117-4c8a-a139-1ff4b199d15a"
  Hint: Height
  Value: 197
Languages:
- Language: en
  Versions:
  - Version: 1
    Fields:
    - ID: "25bed78c-4957-4165-998a-ca1b52f67497"
      Hint: __Created
      Value: 20170915T132614Z
    - ID: "5dd74568-4d4b-44c1-b513-0af5f4cda34f"
      Hint: __Created by
      Value: |
        sitecore\e3_MihaelaR
