
Microsoft Visual Studio Solution File, Format Version 12.00
# Visual Studio 15
VisualStudioVersion = 15.0.26730.12
MinimumVisualStudioVersion = 10.0.40219.1
Project("{FAE04EC0-301F-11D3-BF4B-00C04F79EFBC}") = "HMPPS.Site", "HMPPS.Site\HMPPS.Site.csproj", "{D81E54F2-F4D7-4600-B8B4-8C90C46801A9}"
EndProject
Project("{FAE04EC0-301F-11D3-BF4B-00C04F79EFBC}") = "HMPPS.Authentication", "HMPPS.Authentication\HMPPS.Authentication.csproj", "{B80A6038-A9F3-495A-AAAC-10DEFBAFB18A}"
EndProject
Global
	GlobalSection(SolutionConfigurationPlatforms) = preSolution
		Debug|Any CPU = Debug|Any CPU
		Release|Any CPU = Release|Any CPU
	EndGlobalSection
	GlobalSection(ProjectConfigurationPlatforms) = postSolution
		{D81E54F2-F4D7-4600-B8B4-8C90C46801A9}.Debug|Any CPU.ActiveCfg = Debug|Any CPU
		{D81E54F2-F4D7-4600-B8B4-8C90C46801A9}.Debug|Any CPU.Build.0 = Debug|Any CPU
		{D81E54F2-F4D7-4600-B8B4-8C90C46801A9}.Release|Any CPU.ActiveCfg = Release|Any CPU
		{D81E54F2-F4D7-4600-B8B4-8C90C46801A9}.Release|Any CPU.Build.0 = Release|Any CPU
		{B80A6038-A9F3-495A-AAAC-10DEFBAFB18A}.Debug|Any CPU.ActiveCfg = Debug|Any CPU
		{B80A6038-A9F3-495A-AAAC-10DEFBAFB18A}.Debug|Any CPU.Build.0 = Debug|Any CPU
		{B80A6038-A9F3-495A-AAAC-10DEFBAFB18A}.Release|Any CPU.ActiveCfg = Release|Any CPU
		{B80A6038-A9F3-495A-AAAC-10DEFBAFB18A}.Release|Any CPU.Build.0 = Release|Any CPU
	EndGlobalSection
	GlobalSection(SolutionProperties) = preSolution
		HideSolutionNode = FALSE
	EndGlobalSection
	GlobalSection(ExtensibilityGlobals) = postSolution
		SolutionGuid = {A0FFE609-A830-44F9-AB6F-6A1BA46F9ECD}
	EndGlobalSection
EndGlobal
