
Microsoft Visual Studio Solution File, Format Version 12.00
# Visual Studio 15
VisualStudioVersion = 15.0.26730.15
MinimumVisualStudioVersion = 10.0.40219.1
Project("{FAE04EC0-301F-11D3-BF4B-00C04F79EFBC}") = "HMPPS.Site", "HMPPS.Site\HMPPS.Site.csproj", "{D81E54F2-F4D7-4600-B8B4-8C90C46801A9}"
EndProject
Project("{FAE04EC0-301F-11D3-BF4B-00C04F79EFBC}") = "HMPPS.Models", "HMPPS.Models\HMPPS.Models.csproj", "{53E7D82F-2335-4401-B970-777CA378709C}"
EndProject
Project("{FAE04EC0-301F-11D3-BF4B-00C04F79EFBC}") = "HMPPS.Authentication", "HMPPS.Authentication\HMPPS.Authentication.csproj", "{B80A6038-A9F3-495A-AAAC-10DEFBAFB18A}"
EndProject
Project("{FAE04EC0-301F-11D3-BF4B-00C04F79EFBC}") = "HMPPS.Authentication.Tests", "HMPPS.Authentication.Tests\HMPPS.Authentication.Tests.csproj", "{1B68B8C3-528F-49CD-9939-0147CD6A93EE}"
EndProject
Project("{2150E333-8FDC-42A3-9474-1A3956D46DE8}") = "HMPPS.MediaLibrary", "HMPPS.MediaLibrary", "{24A4A1FA-5107-4F9E-A7EE-563615C59380}"
EndProject
Project("{FAE04EC0-301F-11D3-BF4B-00C04F79EFBC}") = "HMPPS.MediaLibrary.AzureStorage", "HMPPS.MediaLibrary\HMPPS.MediaLibrary.AzureStorage\HMPPS.MediaLibrary.AzureStorage.csproj", "{3E58A0D0-44F5-4039-9E17-EF4766D8F6F6}"
EndProject
Project("{FAE04EC0-301F-11D3-BF4B-00C04F79EFBC}") = "HMPPS.MediaLibrary.CloudStorage", "HMPPS.MediaLibrary\HMPPS.MediaLibrary.CloudStorage\HMPPS.MediaLibrary.CloudStorage.csproj", "{4EA573A3-C0AD-42AA-9FF9-E6F62FDA7D27}"
EndProject
Project("{FAE04EC0-301F-11D3-BF4B-00C04F79EFBC}") = "HMPPS.Utilities", "HMPPS.Utilities\HMPPS.Utilities.csproj", "{AFBD8C13-C752-4AFD-9EEC-6FD04B1E94F9}"
EndProject
Project("{2150E333-8FDC-42A3-9474-1A3956D46DE8}") = "HMPPS.NomisApi", "HMPPS.NomisApi", "{22433735-FACA-4F07-86C5-45637A588937}"
EndProject
Project("{FAE04EC0-301F-11D3-BF4B-00C04F79EFBC}") = "HMPPS.NomisApiService", "HMPPS.NomisApi\HMPPS.NomisApiService\HMPPS.NomisApiService.csproj", "{DE839094-9E70-43AA-8F0B-A226A38647F7}"
EndProject
Project("{FAE04EC0-301F-11D3-BF4B-00C04F79EFBC}") = "HMPPS.NomisApiService.Tests", "HMPPS.NomisApi\HMPPS.NomisApiService.Tests\HMPPS.NomisApiService.Tests.csproj", "{A0F3E4CB-FBA5-49CF-98BE-2EBAEE600FF0}"
EndProject
Project("{2150E333-8FDC-42A3-9474-1A3956D46DE8}") = "HMPPS.Authenticate", "HMPPS.Authenticate", "{94C7A417-8AD5-41C8-A0C3-8377DD5580BC}"
EndProject
Global
	GlobalSection(SolutionConfigurationPlatforms) = preSolution
		CD-Localhost|Any CPU = CD-Localhost|Any CPU
		CD-Release|Any CPU = CD-Release|Any CPU
		CMS-Localhost|Any CPU = CMS-Localhost|Any CPU
		CMS-Release|Any CPU = CMS-Release|Any CPU
		Debug|Any CPU = Debug|Any CPU
		Release|Any CPU = Release|Any CPU
	EndGlobalSection
	GlobalSection(ProjectConfigurationPlatforms) = postSolution
		{D81E54F2-F4D7-4600-B8B4-8C90C46801A9}.CD-Localhost|Any CPU.ActiveCfg = CD-Localhost|Any CPU
		{D81E54F2-F4D7-4600-B8B4-8C90C46801A9}.CD-Localhost|Any CPU.Build.0 = CD-Localhost|Any CPU
		{D81E54F2-F4D7-4600-B8B4-8C90C46801A9}.CD-Release|Any CPU.ActiveCfg = CD-Release|Any CPU
		{D81E54F2-F4D7-4600-B8B4-8C90C46801A9}.CD-Release|Any CPU.Build.0 = CD-Release|Any CPU
		{D81E54F2-F4D7-4600-B8B4-8C90C46801A9}.CMS-Localhost|Any CPU.ActiveCfg = CMS-Localhost|Any CPU
		{D81E54F2-F4D7-4600-B8B4-8C90C46801A9}.CMS-Localhost|Any CPU.Build.0 = CMS-Localhost|Any CPU
		{D81E54F2-F4D7-4600-B8B4-8C90C46801A9}.CMS-Release|Any CPU.ActiveCfg = CMS-Release|Any CPU
		{D81E54F2-F4D7-4600-B8B4-8C90C46801A9}.CMS-Release|Any CPU.Build.0 = CMS-Release|Any CPU
		{D81E54F2-F4D7-4600-B8B4-8C90C46801A9}.Debug|Any CPU.ActiveCfg = Debug|Any CPU
		{D81E54F2-F4D7-4600-B8B4-8C90C46801A9}.Debug|Any CPU.Build.0 = Debug|Any CPU
		{D81E54F2-F4D7-4600-B8B4-8C90C46801A9}.Release|Any CPU.ActiveCfg = Release|Any CPU
		{D81E54F2-F4D7-4600-B8B4-8C90C46801A9}.Release|Any CPU.Build.0 = Release|Any CPU
		{53E7D82F-2335-4401-B970-777CA378709C}.CD-Localhost|Any CPU.ActiveCfg = CD-Localhost|Any CPU
		{53E7D82F-2335-4401-B970-777CA378709C}.CD-Localhost|Any CPU.Build.0 = CD-Localhost|Any CPU
		{53E7D82F-2335-4401-B970-777CA378709C}.CD-Release|Any CPU.ActiveCfg = CD-Release|Any CPU
		{53E7D82F-2335-4401-B970-777CA378709C}.CD-Release|Any CPU.Build.0 = CD-Release|Any CPU
		{53E7D82F-2335-4401-B970-777CA378709C}.CMS-Localhost|Any CPU.ActiveCfg = CMS-Localhost|Any CPU
		{53E7D82F-2335-4401-B970-777CA378709C}.CMS-Localhost|Any CPU.Build.0 = CMS-Localhost|Any CPU
		{53E7D82F-2335-4401-B970-777CA378709C}.CMS-Release|Any CPU.ActiveCfg = CMS-Release|Any CPU
		{53E7D82F-2335-4401-B970-777CA378709C}.CMS-Release|Any CPU.Build.0 = CMS-Release|Any CPU
		{53E7D82F-2335-4401-B970-777CA378709C}.Debug|Any CPU.ActiveCfg = Debug|Any CPU
		{53E7D82F-2335-4401-B970-777CA378709C}.Debug|Any CPU.Build.0 = Debug|Any CPU
		{53E7D82F-2335-4401-B970-777CA378709C}.Release|Any CPU.ActiveCfg = Release|Any CPU
		{53E7D82F-2335-4401-B970-777CA378709C}.Release|Any CPU.Build.0 = Release|Any CPU
		{B80A6038-A9F3-495A-AAAC-10DEFBAFB18A}.CD-Localhost|Any CPU.ActiveCfg = CD-Localhost|Any CPU
		{B80A6038-A9F3-495A-AAAC-10DEFBAFB18A}.CD-Localhost|Any CPU.Build.0 = CD-Localhost|Any CPU
		{B80A6038-A9F3-495A-AAAC-10DEFBAFB18A}.CD-Release|Any CPU.ActiveCfg = CD-Release|Any CPU
		{B80A6038-A9F3-495A-AAAC-10DEFBAFB18A}.CD-Release|Any CPU.Build.0 = CD-Release|Any CPU
		{B80A6038-A9F3-495A-AAAC-10DEFBAFB18A}.CMS-Localhost|Any CPU.ActiveCfg = CMS-Localhost|Any CPU
		{B80A6038-A9F3-495A-AAAC-10DEFBAFB18A}.CMS-Localhost|Any CPU.Build.0 = CMS-Localhost|Any CPU
		{B80A6038-A9F3-495A-AAAC-10DEFBAFB18A}.CMS-Release|Any CPU.ActiveCfg = CMS-Release|Any CPU
		{B80A6038-A9F3-495A-AAAC-10DEFBAFB18A}.CMS-Release|Any CPU.Build.0 = CMS-Release|Any CPU
		{B80A6038-A9F3-495A-AAAC-10DEFBAFB18A}.Debug|Any CPU.ActiveCfg = Debug|Any CPU
		{B80A6038-A9F3-495A-AAAC-10DEFBAFB18A}.Debug|Any CPU.Build.0 = Debug|Any CPU
		{B80A6038-A9F3-495A-AAAC-10DEFBAFB18A}.Release|Any CPU.ActiveCfg = Release|Any CPU
		{B80A6038-A9F3-495A-AAAC-10DEFBAFB18A}.Release|Any CPU.Build.0 = Release|Any CPU
		{1B68B8C3-528F-49CD-9939-0147CD6A93EE}.CD-Localhost|Any CPU.ActiveCfg = CD-Localhost|Any CPU
		{1B68B8C3-528F-49CD-9939-0147CD6A93EE}.CD-Localhost|Any CPU.Build.0 = CD-Localhost|Any CPU
		{1B68B8C3-528F-49CD-9939-0147CD6A93EE}.CD-Release|Any CPU.ActiveCfg = CD-Release|Any CPU
		{1B68B8C3-528F-49CD-9939-0147CD6A93EE}.CD-Release|Any CPU.Build.0 = CD-Release|Any CPU
		{1B68B8C3-528F-49CD-9939-0147CD6A93EE}.CMS-Localhost|Any CPU.ActiveCfg = CMS-Localhost|Any CPU
		{1B68B8C3-528F-49CD-9939-0147CD6A93EE}.CMS-Localhost|Any CPU.Build.0 = CMS-Localhost|Any CPU
		{1B68B8C3-528F-49CD-9939-0147CD6A93EE}.CMS-Release|Any CPU.ActiveCfg = CMS-Release|Any CPU
		{1B68B8C3-528F-49CD-9939-0147CD6A93EE}.CMS-Release|Any CPU.Build.0 = CMS-Release|Any CPU
		{1B68B8C3-528F-49CD-9939-0147CD6A93EE}.Debug|Any CPU.ActiveCfg = Debug|Any CPU
		{1B68B8C3-528F-49CD-9939-0147CD6A93EE}.Debug|Any CPU.Build.0 = Debug|Any CPU
		{1B68B8C3-528F-49CD-9939-0147CD6A93EE}.Release|Any CPU.ActiveCfg = Release|Any CPU
		{1B68B8C3-528F-49CD-9939-0147CD6A93EE}.Release|Any CPU.Build.0 = Release|Any CPU
		{3E58A0D0-44F5-4039-9E17-EF4766D8F6F6}.CD-Localhost|Any CPU.ActiveCfg = CD-Localhost|Any CPU
		{3E58A0D0-44F5-4039-9E17-EF4766D8F6F6}.CD-Localhost|Any CPU.Build.0 = CD-Localhost|Any CPU
		{3E58A0D0-44F5-4039-9E17-EF4766D8F6F6}.CD-Release|Any CPU.ActiveCfg = CD-Release|Any CPU
		{3E58A0D0-44F5-4039-9E17-EF4766D8F6F6}.CD-Release|Any CPU.Build.0 = CD-Release|Any CPU
		{3E58A0D0-44F5-4039-9E17-EF4766D8F6F6}.CMS-Localhost|Any CPU.ActiveCfg = CMS-Localhost|Any CPU
		{3E58A0D0-44F5-4039-9E17-EF4766D8F6F6}.CMS-Localhost|Any CPU.Build.0 = CMS-Localhost|Any CPU
		{3E58A0D0-44F5-4039-9E17-EF4766D8F6F6}.CMS-Release|Any CPU.ActiveCfg = CMS-Release|Any CPU
		{3E58A0D0-44F5-4039-9E17-EF4766D8F6F6}.CMS-Release|Any CPU.Build.0 = CMS-Release|Any CPU
		{3E58A0D0-44F5-4039-9E17-EF4766D8F6F6}.Debug|Any CPU.ActiveCfg = Debug|Any CPU
		{3E58A0D0-44F5-4039-9E17-EF4766D8F6F6}.Debug|Any CPU.Build.0 = Debug|Any CPU
		{3E58A0D0-44F5-4039-9E17-EF4766D8F6F6}.Release|Any CPU.ActiveCfg = Release|Any CPU
		{3E58A0D0-44F5-4039-9E17-EF4766D8F6F6}.Release|Any CPU.Build.0 = Release|Any CPU
		{4EA573A3-C0AD-42AA-9FF9-E6F62FDA7D27}.CD-Localhost|Any CPU.ActiveCfg = CD-Localhost|Any CPU
		{4EA573A3-C0AD-42AA-9FF9-E6F62FDA7D27}.CD-Localhost|Any CPU.Build.0 = CD-Localhost|Any CPU
		{4EA573A3-C0AD-42AA-9FF9-E6F62FDA7D27}.CD-Release|Any CPU.ActiveCfg = CD-Release|Any CPU
		{4EA573A3-C0AD-42AA-9FF9-E6F62FDA7D27}.CD-Release|Any CPU.Build.0 = CD-Release|Any CPU
		{4EA573A3-C0AD-42AA-9FF9-E6F62FDA7D27}.CMS-Localhost|Any CPU.ActiveCfg = CMS-Localhost|Any CPU
		{4EA573A3-C0AD-42AA-9FF9-E6F62FDA7D27}.CMS-Localhost|Any CPU.Build.0 = CMS-Localhost|Any CPU
		{4EA573A3-C0AD-42AA-9FF9-E6F62FDA7D27}.CMS-Release|Any CPU.ActiveCfg = CMS-Release|Any CPU
		{4EA573A3-C0AD-42AA-9FF9-E6F62FDA7D27}.CMS-Release|Any CPU.Build.0 = CMS-Release|Any CPU
		{4EA573A3-C0AD-42AA-9FF9-E6F62FDA7D27}.Debug|Any CPU.ActiveCfg = Debug|Any CPU
		{4EA573A3-C0AD-42AA-9FF9-E6F62FDA7D27}.Debug|Any CPU.Build.0 = Debug|Any CPU
		{4EA573A3-C0AD-42AA-9FF9-E6F62FDA7D27}.Release|Any CPU.ActiveCfg = Release|Any CPU
		{4EA573A3-C0AD-42AA-9FF9-E6F62FDA7D27}.Release|Any CPU.Build.0 = Release|Any CPU
		{AFBD8C13-C752-4AFD-9EEC-6FD04B1E94F9}.CD-Localhost|Any CPU.ActiveCfg = CD-Localhost|Any CPU
		{AFBD8C13-C752-4AFD-9EEC-6FD04B1E94F9}.CD-Localhost|Any CPU.Build.0 = CD-Localhost|Any CPU
		{AFBD8C13-C752-4AFD-9EEC-6FD04B1E94F9}.CD-Release|Any CPU.ActiveCfg = CD-Release|Any CPU
		{AFBD8C13-C752-4AFD-9EEC-6FD04B1E94F9}.CD-Release|Any CPU.Build.0 = CD-Release|Any CPU
		{AFBD8C13-C752-4AFD-9EEC-6FD04B1E94F9}.CMS-Localhost|Any CPU.ActiveCfg = CMS-Localhost|Any CPU
		{AFBD8C13-C752-4AFD-9EEC-6FD04B1E94F9}.CMS-Localhost|Any CPU.Build.0 = CMS-Localhost|Any CPU
		{AFBD8C13-C752-4AFD-9EEC-6FD04B1E94F9}.CMS-Release|Any CPU.ActiveCfg = CMS-Release|Any CPU
		{AFBD8C13-C752-4AFD-9EEC-6FD04B1E94F9}.CMS-Release|Any CPU.Build.0 = CMS-Release|Any CPU
		{AFBD8C13-C752-4AFD-9EEC-6FD04B1E94F9}.Debug|Any CPU.ActiveCfg = Debug|Any CPU
		{AFBD8C13-C752-4AFD-9EEC-6FD04B1E94F9}.Debug|Any CPU.Build.0 = Debug|Any CPU
		{AFBD8C13-C752-4AFD-9EEC-6FD04B1E94F9}.Release|Any CPU.ActiveCfg = Release|Any CPU
		{AFBD8C13-C752-4AFD-9EEC-6FD04B1E94F9}.Release|Any CPU.Build.0 = Release|Any CPU
		{DE839094-9E70-43AA-8F0B-A226A38647F7}.CD-Localhost|Any CPU.ActiveCfg = CD-Localhost|Any CPU
		{DE839094-9E70-43AA-8F0B-A226A38647F7}.CD-Localhost|Any CPU.Build.0 = CD-Localhost|Any CPU
		{DE839094-9E70-43AA-8F0B-A226A38647F7}.CD-Release|Any CPU.ActiveCfg = CD-Release|Any CPU
		{DE839094-9E70-43AA-8F0B-A226A38647F7}.CD-Release|Any CPU.Build.0 = CD-Release|Any CPU
		{DE839094-9E70-43AA-8F0B-A226A38647F7}.CMS-Localhost|Any CPU.ActiveCfg = CMS-Localhost|Any CPU
		{DE839094-9E70-43AA-8F0B-A226A38647F7}.CMS-Localhost|Any CPU.Build.0 = CMS-Localhost|Any CPU
		{DE839094-9E70-43AA-8F0B-A226A38647F7}.CMS-Release|Any CPU.ActiveCfg = CMS-Release|Any CPU
		{DE839094-9E70-43AA-8F0B-A226A38647F7}.CMS-Release|Any CPU.Build.0 = CMS-Release|Any CPU
		{DE839094-9E70-43AA-8F0B-A226A38647F7}.Debug|Any CPU.ActiveCfg = Debug|Any CPU
		{DE839094-9E70-43AA-8F0B-A226A38647F7}.Debug|Any CPU.Build.0 = Debug|Any CPU
		{DE839094-9E70-43AA-8F0B-A226A38647F7}.Release|Any CPU.ActiveCfg = Release|Any CPU
		{DE839094-9E70-43AA-8F0B-A226A38647F7}.Release|Any CPU.Build.0 = Release|Any CPU
		{A0F3E4CB-FBA5-49CF-98BE-2EBAEE600FF0}.CD-Localhost|Any CPU.ActiveCfg = CD-Localhost|Any CPU
		{A0F3E4CB-FBA5-49CF-98BE-2EBAEE600FF0}.CD-Localhost|Any CPU.Build.0 = CD-Localhost|Any CPU
		{A0F3E4CB-FBA5-49CF-98BE-2EBAEE600FF0}.CD-Release|Any CPU.ActiveCfg = CD-Release|Any CPU
		{A0F3E4CB-FBA5-49CF-98BE-2EBAEE600FF0}.CD-Release|Any CPU.Build.0 = CD-Release|Any CPU
		{A0F3E4CB-FBA5-49CF-98BE-2EBAEE600FF0}.CMS-Localhost|Any CPU.ActiveCfg = CMS-Localhost|Any CPU
		{A0F3E4CB-FBA5-49CF-98BE-2EBAEE600FF0}.CMS-Localhost|Any CPU.Build.0 = CMS-Localhost|Any CPU
		{A0F3E4CB-FBA5-49CF-98BE-2EBAEE600FF0}.CMS-Release|Any CPU.ActiveCfg = CMS-Release|Any CPU
		{A0F3E4CB-FBA5-49CF-98BE-2EBAEE600FF0}.CMS-Release|Any CPU.Build.0 = CMS-Release|Any CPU
		{A0F3E4CB-FBA5-49CF-98BE-2EBAEE600FF0}.Debug|Any CPU.ActiveCfg = Debug|Any CPU
		{A0F3E4CB-FBA5-49CF-98BE-2EBAEE600FF0}.Debug|Any CPU.Build.0 = Debug|Any CPU
		{A0F3E4CB-FBA5-49CF-98BE-2EBAEE600FF0}.Release|Any CPU.ActiveCfg = Release|Any CPU
		{A0F3E4CB-FBA5-49CF-98BE-2EBAEE600FF0}.Release|Any CPU.Build.0 = Release|Any CPU
	EndGlobalSection
	GlobalSection(SolutionProperties) = preSolution
		HideSolutionNode = FALSE
	EndGlobalSection
	GlobalSection(NestedProjects) = preSolution
		{B80A6038-A9F3-495A-AAAC-10DEFBAFB18A} = {94C7A417-8AD5-41C8-A0C3-8377DD5580BC}
		{1B68B8C3-528F-49CD-9939-0147CD6A93EE} = {94C7A417-8AD5-41C8-A0C3-8377DD5580BC}
		{3E58A0D0-44F5-4039-9E17-EF4766D8F6F6} = {24A4A1FA-5107-4F9E-A7EE-563615C59380}
		{4EA573A3-C0AD-42AA-9FF9-E6F62FDA7D27} = {24A4A1FA-5107-4F9E-A7EE-563615C59380}
		{DE839094-9E70-43AA-8F0B-A226A38647F7} = {22433735-FACA-4F07-86C5-45637A588937}
		{A0F3E4CB-FBA5-49CF-98BE-2EBAEE600FF0} = {22433735-FACA-4F07-86C5-45637A588937}
	EndGlobalSection
	GlobalSection(ExtensibilityGlobals) = postSolution
		SolutionGuid = {A0FFE609-A830-44F9-AB6F-6A1BA46F9ECD}
	EndGlobalSection
EndGlobal
